
Microsoft Visual Studio Solution File, Format Version 12.00
# Visual Studio Version 17
VisualStudioVersion = 17.0.31903.59
MinimumVisualStudioVersion = 10.0.40219.1
Project("{FAE04EC0-301F-11D3-BF4B-00C04F79EFBC}") = "TrafficLightsEnhancement", "TrafficLightsEnhancement\TrafficLightsEnhancement.csproj", "{3BB0DFB3-6E30-47D9-AD56-F0DB22A73523}"
EndProject
Project("{2150E333-8FDC-42A3-9474-1A3956D46DE8}") = "CommonLibraries", "CommonLibraries", "{50E84A2F-0152-411F-95C9-1BF1D47E1302}"
EndProject
Project("{FAE04EC0-301F-11D3-BF4B-00C04F79EFBC}") = "LaneSystem", "CommonLibraries\LaneSystem\LaneSystem.csproj", "{E67F3A52-9E03-4A59-9CD8-B69A4A941E26}"
EndProject
Project("{FAE04EC0-301F-11D3-BF4B-00C04F79EFBC}") = "TrafficLightsEnhancement.Logic", "TrafficLightsEnhancement.Logic\TrafficLightsEnhancement.Logic.csproj", "{188821AE-CEF1-4D81-A8D7-2B2727FC0AB0}"
EndProject
Project("{FAE04EC0-301F-11D3-BF4B-00C04F79EFBC}") = "TrafficLightsEnhancement.Tests", "TrafficLightsEnhancement.Tests\TrafficLightsEnhancement.Tests.csproj", "{F45CEB55-4180-4B7D-AC47-43B031363535}"
EndProject
Project("{FAE04EC0-301F-11D3-BF4B-00C04F79EFBC}") = "TrafficLightsEnhancement.Serialization.Tests", "TrafficLightsEnhancement.Serialization.Tests\TrafficLightsEnhancement.Serialization.Tests.csproj", "{9E9ED4F2-42F3-44FA-9C8E-15FDD436F4BE}"
EndProject
Global
	GlobalSection(SolutionProperties) = preSolution
		HideSolutionNode = FALSE
	EndGlobalSection
	GlobalSection(SolutionConfigurationPlatforms) = preSolution
		Debug|Any CPU = Debug|Any CPU
		Debug|x64 = Debug|x64
		Debug|x86 = Debug|x86
		Release|Any CPU = Release|Any CPU
		Release|x64 = Release|x64
		Release|x86 = Release|x86
	EndGlobalSection
	GlobalSection(ProjectConfigurationPlatforms) = postSolution
		{3BB0DFB3-6E30-47D9-AD56-F0DB22A73523}.Debug|x64.ActiveCfg = Debug|Any CPU
		{3BB0DFB3-6E30-47D9-AD56-F0DB22A73523}.Debug|x64.Build.0 = Debug|Any CPU
		{3BB0DFB3-6E30-47D9-AD56-F0DB22A73523}.Debug|x86.ActiveCfg = Debug|Any CPU
		{3BB0DFB3-6E30-47D9-AD56-F0DB22A73523}.Debug|x86.Build.0 = Debug|Any CPU
		{3BB0DFB3-6E30-47D9-AD56-F0DB22A73523}.Release|Any CPU.ActiveCfg = Release|Any CPU
		{3BB0DFB3-6E30-47D9-AD56-F0DB22A73523}.Release|Any CPU.Build.0 = Release|Any CPU
		{3BB0DFB3-6E30-47D9-AD56-F0DB22A73523}.Release|x64.ActiveCfg = Release|Any CPU
		{3BB0DFB3-6E30-47D9-AD56-F0DB22A73523}.Release|x64.Build.0 = Release|Any CPU
		{3BB0DFB3-6E30-47D9-AD56-F0DB22A73523}.Release|x86.ActiveCfg = Release|Any CPU
		{3BB0DFB3-6E30-47D9-AD56-F0DB22A73523}.Release|x86.Build.0 = Release|Any CPU
		{3BB0DFB3-6E30-47D9-AD56-F0DB22A73523}.Debug|Any CPU.ActiveCfg = Beta|Any CPU
		{3BB0DFB3-6E30-47D9-AD56-F0DB22A73523}.Debug|Any CPU.Build.0 = Beta|Any CPU
		{E67F3A52-9E03-4A59-9CD8-B69A4A941E26}.Debug|Any CPU.ActiveCfg = Debug|Any CPU
		{E67F3A52-9E03-4A59-9CD8-B69A4A941E26}.Debug|Any CPU.Build.0 = Debug|Any CPU
		{E67F3A52-9E03-4A59-9CD8-B69A4A941E26}.Debug|x64.ActiveCfg = Debug|Any CPU
		{E67F3A52-9E03-4A59-9CD8-B69A4A941E26}.Debug|x64.Build.0 = Debug|Any CPU
		{E67F3A52-9E03-4A59-9CD8-B69A4A941E26}.Debug|x86.ActiveCfg = Debug|Any CPU
		{E67F3A52-9E03-4A59-9CD8-B69A4A941E26}.Debug|x86.Build.0 = Debug|Any CPU
		{E67F3A52-9E03-4A59-9CD8-B69A4A941E26}.Release|Any CPU.ActiveCfg = Release|Any CPU
		{E67F3A52-9E03-4A59-9CD8-B69A4A941E26}.Release|Any CPU.Build.0 = Release|Any CPU
		{E67F3A52-9E03-4A59-9CD8-B69A4A941E26}.Release|x64.ActiveCfg = Release|Any CPU
		{E67F3A52-9E03-4A59-9CD8-B69A4A941E26}.Release|x64.Build.0 = Release|Any CPU
		{E67F3A52-9E03-4A59-9CD8-B69A4A941E26}.Release|x86.ActiveCfg = Release|Any CPU
		{E67F3A52-9E03-4A59-9CD8-B69A4A941E26}.Release|x86.Build.0 = Release|Any CPU
		{188821AE-CEF1-4D81-A8D7-2B2727FC0AB0}.Debug|Any CPU.ActiveCfg = Debug|Any CPU
		{188821AE-CEF1-4D81-A8D7-2B2727FC0AB0}.Debug|Any CPU.Build.0 = Debug|Any CPU
		{188821AE-CEF1-4D81-A8D7-2B2727FC0AB0}.Debug|x64.ActiveCfg = Debug|Any CPU
		{188821AE-CEF1-4D81-A8D7-2B2727FC0AB0}.Debug|x64.Build.0 = Debug|Any CPU
		{188821AE-CEF1-4D81-A8D7-2B2727FC0AB0}.Debug|x86.ActiveCfg = Debug|Any CPU
		{188821AE-CEF1-4D81-A8D7-2B2727FC0AB0}.Debug|x86.Build.0 = Debug|Any CPU
		{188821AE-CEF1-4D81-A8D7-2B2727FC0AB0}.Release|Any CPU.ActiveCfg = Release|Any CPU
		{188821AE-CEF1-4D81-A8D7-2B2727FC0AB0}.Release|Any CPU.Build.0 = Release|Any CPU
		{188821AE-CEF1-4D81-A8D7-2B2727FC0AB0}.Release|x64.ActiveCfg = Release|Any CPU
		{188821AE-CEF1-4D81-A8D7-2B2727FC0AB0}.Release|x64.Build.0 = Release|Any CPU
		{188821AE-CEF1-4D81-A8D7-2B2727FC0AB0}.Release|x86.ActiveCfg = Release|Any CPU
		{188821AE-CEF1-4D81-A8D7-2B2727FC0AB0}.Release|x86.Build.0 = Release|Any CPU
		{F45CEB55-4180-4B7D-AC47-43B031363535}.Debug|Any CPU.ActiveCfg = Debug|Any CPU
		{F45CEB55-4180-4B7D-AC47-43B031363535}.Debug|Any CPU.Build.0 = Debug|Any CPU
		{F45CEB55-4180-4B7D-AC47-43B031363535}.Debug|x64.ActiveCfg = Debug|Any CPU
		{F45CEB55-4180-4B7D-AC47-43B031363535}.Debug|x64.Build.0 = Debug|Any CPU
		{F45CEB55-4180-4B7D-AC47-43B031363535}.Debug|x86.ActiveCfg = Debug|Any CPU
		{F45CEB55-4180-4B7D-AC47-43B031363535}.Debug|x86.Build.0 = Debug|Any CPU
		{F45CEB55-4180-4B7D-AC47-43B031363535}.Release|Any CPU.ActiveCfg = Release|Any CPU
		{F45CEB55-4180-4B7D-AC47-43B031363535}.Release|Any CPU.Build.0 = Release|Any CPU
		{F45CEB55-4180-4B7D-AC47-43B031363535}.Release|x64.ActiveCfg = Release|Any CPU
		{F45CEB55-4180-4B7D-AC47-43B031363535}.Release|x64.Build.0 = Release|Any CPU
		{F45CEB55-4180-4B7D-AC47-43B031363535}.Release|x86.ActiveCfg = Release|Any CPU
		{F45CEB55-4180-4B7D-AC47-43B031363535}.Release|x86.Build.0 = Release|Any CPU
		{9E9ED4F2-42F3-44FA-9C8E-15FDD436F4BE}.Debug|Any CPU.ActiveCfg = Debug|Any CPU
		{9E9ED4F2-42F3-44FA-9C8E-15FDD436F4BE}.Debug|Any CPU.Build.0 = Debug|Any CPU
		{9E9ED4F2-42F3-44FA-9C8E-15FDD436F4BE}.Debug|x64.ActiveCfg = Debug|Any CPU
		{9E9ED4F2-42F3-44FA-9C8E-15FDD436F4BE}.Debug|x64.Build.0 = Debug|Any CPU
		{9E9ED4F2-42F3-44FA-9C8E-15FDD436F4BE}.Debug|x86.ActiveCfg = Debug|Any CPU
		{9E9ED4F2-42F3-44FA-9C8E-15FDD436F4BE}.Debug|x86.Build.0 = Debug|Any CPU
		{9E9ED4F2-42F3-44FA-9C8E-15FDD436F4BE}.Release|Any CPU.ActiveCfg = Release|Any CPU
		{9E9ED4F2-42F3-44FA-9C8E-15FDD436F4BE}.Release|Any CPU.Build.0 = Release|Any CPU
		{9E9ED4F2-42F3-44FA-9C8E-15FDD436F4BE}.Release|x64.ActiveCfg = Release|Any CPU
		{9E9ED4F2-42F3-44FA-9C8E-15FDD436F4BE}.Release|x64.Build.0 = Release|Any CPU
		{9E9ED4F2-42F3-44FA-9C8E-15FDD436F4BE}.Release|x86.ActiveCfg = Release|Any CPU
		{9E9ED4F2-42F3-44FA-9C8E-15FDD436F4BE}.Release|x86.Build.0 = Release|Any CPU
	EndGlobalSection
	GlobalSection(NestedProjects) = preSolution
		{E67F3A52-9E03-4A59-9CD8-B69A4A941E26} = {50E84A2F-0152-411F-95C9-1BF1D47E1302}
	EndGlobalSection
EndGlobal
